
Microsoft Visual Studio Solution File, Format Version 12.00
# Visual Studio Version 16
VisualStudioVersion = 16.0.29409.12
MinimumVisualStudioVersion = 10.0.40219.1
Project("{FAE04EC0-301F-11D3-BF4B-00C04F79EFBC}") = "liff2", "liff2\liff2.csproj", "{FEB99798-F175-4427-8FAB-6B28C8965CC9}"
EndProject
Global
	GlobalSection(SolutionConfigurationPlatforms) = preSolution
		Debug|Any CPU = Debug|Any CPU
		Release|Any CPU = Release|Any CPU
	EndGlobalSection
	GlobalSection(ProjectConfigurationPlatforms) = postSolution
		{FEB99798-F175-4427-8FAB-6B28C8965CC9}.Debug|Any CPU.ActiveCfg = Debug|Any CPU
		{FEB99798-F175-4427-8FAB-6B28C8965CC9}.Debug|Any CPU.Build.0 = Debug|Any CPU
		{FEB99798-F175-4427-8FAB-6B28C8965CC9}.Release|Any CPU.ActiveCfg = Release|Any CPU
		{FEB99798-F175-4427-8FAB-6B28C8965CC9}.Release|Any CPU.Build.0 = Release|Any CPU
	EndGlobalSection
	GlobalSection(SolutionProperties) = preSolution
		HideSolutionNode = FALSE
	EndGlobalSection
	GlobalSection(ExtensibilityGlobals) = postSolution
		SolutionGuid = {8577F4B7-0381-4E2F-8073-6ADE414E054C}
	EndGlobalSection
EndGlobal
